
Microsoft Visual Studio Solution File, Format Version 12.00
# Visual Studio 15
VisualStudioVersion = 15.0.28307.421
MinimumVisualStudioVersion = 10.0.40219.1
Project("{FAE04EC0-301F-11D3-BF4B-00C04F79EFBC}") = "WpfApp1", "WpfApp1\WpfApp1.csproj", "{58771BE8-7452-4E13-986D-AD73FD379874}"
EndProject
Global
	GlobalSection(SolutionConfigurationPlatforms) = preSolution
		Debug|Any CPU = Debug|Any CPU
		Release|Any CPU = Release|Any CPU
	EndGlobalSection
	GlobalSection(ProjectConfigurationPlatforms) = postSolution
		{58771BE8-7452-4E13-986D-AD73FD379874}.Debug|Any CPU.ActiveCfg = Debug|Any CPU
		{58771BE8-7452-4E13-986D-AD73FD379874}.Debug|Any CPU.Build.0 = Debug|Any CPU
		{58771BE8-7452-4E13-986D-AD73FD379874}.Release|Any CPU.ActiveCfg = Release|Any CPU
		{58771BE8-7452-4E13-986D-AD73FD379874}.Release|Any CPU.Build.0 = Release|Any CPU
	EndGlobalSection
	GlobalSection(SolutionProperties) = preSolution
		HideSolutionNode = FALSE
	EndGlobalSection
	GlobalSection(ExtensibilityGlobals) = postSolution
		SolutionGuid = {7C22D38B-EE63-49C5-B62E-8C833A73897E}
	EndGlobalSection
EndGlobal
